
Microsoft Visual Studio Solution File, Format Version 12.00
# Visual Studio Version 17
VisualStudioVersion = 17.7.34003.232
MinimumVisualStudioVersion = 10.0.40219.1
Project("{9A19103F-16F7-4668-BE54-9A1E7A4F7556}") = "AmusedGroupAssignment", "AmusedGroupAssignment.csproj", "{BBE79CD0-76ED-4422-B400-B26097D04C88}"
EndProject
Global
	GlobalSection(SolutionConfigurationPlatforms) = preSolution
		Debug|Any CPU = Debug|Any CPU
		Release|Any CPU = Release|Any CPU
	EndGlobalSection
	GlobalSection(ProjectConfigurationPlatforms) = postSolution
		{BBE79CD0-76ED-4422-B400-B26097D04C88}.Debug|Any CPU.ActiveCfg = Debug|Any CPU
		{BBE79CD0-76ED-4422-B400-B26097D04C88}.Debug|Any CPU.Build.0 = Debug|Any CPU
		{BBE79CD0-76ED-4422-B400-B26097D04C88}.Release|Any CPU.ActiveCfg = Release|Any CPU
		{BBE79CD0-76ED-4422-B400-B26097D04C88}.Release|Any CPU.Build.0 = Release|Any CPU
	EndGlobalSection
	GlobalSection(SolutionProperties) = preSolution
		HideSolutionNode = FALSE
	EndGlobalSection
	GlobalSection(ExtensibilityGlobals) = postSolution
		SolutionGuid = {81E7C6CB-5276-447F-8D7F-78C46BD27BFE}
	EndGlobalSection
EndGlobal
